# This file is generated by running "yarn install" inside your project.
# Manual changes might be lost - proceed with caution!

__metadata:
  version: 4
  cacheKey: 8

"@smol-code/tsconfig@npm:^1.0.0":
  version: 1.0.0
  resolution: "@smol-code/tsconfig@npm:1.0.0"
  checksum: f9ce9bb890a42c1dda14610f0d40569751894f1a0357b2f8d44ad34add35839db3b0beccc77c064a7773a1ab48c953219b0b4168837f2d1f68e1f91020f9637f
  languageName: node
  linkType: hard

"@types/fs-extra@npm:^9.0.13":
  version: 9.0.13
  resolution: "@types/fs-extra@npm:9.0.13"
  dependencies:
    "@types/node": "*"
  checksum: add79e212acd5ac76b97b9045834e03a7996aef60a814185e0459088fd290519a3c1620865d588fa36c4498bf614210d2a703af5cf80aa1dbc125db78f6edac3
  languageName: node
  linkType: hard

"@types/node@npm:*, @types/node@npm:^16.10.3":
  version: 16.10.3
  resolution: "@types/node@npm:16.10.3"
  checksum: 3fd429bce8a4acb497dcc62b536782a5e87ccf7cd91d64a78b263ae5d66cb72bf84be9eeeff6f84ae0567b065a40b267caa66d311f9e094990a5847bbd168a29
  languageName: node
  linkType: hard

"eris@https://github.com/donovandmc/eris#everything":
  version: 0.16.0-dev
  resolution: "eris@https://github.com/donovandmc/eris.git#commit=8569ef9c6ff900dc59e7586cce60a5ca74ae706e"
  dependencies:
    opusscript: ^0.0.8
    tweetnacl: ^1.0.1
    ws: ^7.4.6
  dependenciesMeta:
    opusscript:
      optional: true
    tweetnacl:
      optional: true
  checksum: 6262010c671ec76bdb2d5eaf652cf783527beef262acc2a92a1d551bc3b865d687bb3cee6b087c0b3af7ca81263d11db051c96ad1b0c525cf6484031edb6eb62
  languageName: node
  linkType: hard

"fs-extra@npm:^10.0.0":
  version: 10.0.0
  resolution: "fs-extra@npm:10.0.0"
  dependencies:
    graceful-fs: ^4.2.0
    jsonfile: ^6.0.1
    universalify: ^2.0.0
  checksum: 5285a3d8f34b917cf2b66af8c231a40c1623626e9d701a20051d3337be16c6d7cac94441c8b3732d47a92a2a027886ca93c69b6a4ae6aee3c89650d2a8880c0a
  languageName: node
  linkType: hard

"graceful-fs@npm:^4.1.6, graceful-fs@npm:^4.2.0":
  version: 4.2.8
  resolution: "graceful-fs@npm:4.2.8"
  checksum: 5d224c8969ad0581d551dfabdb06882706b31af2561bd5e2034b4097e67cc27d05232849b8643866585fd0a41c7af152950f8776f4dd5579e9853733f31461c6
  languageName: node
  linkType: hard

"jsonfile@npm:^6.0.1":
  version: 6.1.0
  resolution: "jsonfile@npm:6.1.0"
  dependencies:
    graceful-fs: ^4.1.6
    universalify: ^2.0.0
  dependenciesMeta:
    graceful-fs:
      optional: true
  checksum: 7af3b8e1ac8fe7f1eccc6263c6ca14e1966fcbc74b618d3c78a0a2075579487547b94f72b7a1114e844a1e15bb00d440e5d1720bfc4612d790a6f285d5ea8354
  languageName: node
  linkType: hard

"nullbody@workspace:.":
  version: 0.0.0-use.local
  resolution: "nullbody@workspace:."
  dependencies:
    "@smol-code/tsconfig": ^1.0.0
    "@types/fs-extra": ^9.0.13
    "@types/node": ^16.10.3
    eris: "https://github.com/donovandmc/eris#everything"
    fs-extra: ^10.0.0
    typescript: ^4.4.3
  languageName: unknown
  linkType: soft

"opusscript@npm:^0.0.8":
  version: 0.0.8
  resolution: "opusscript@npm:0.0.8"
  checksum: 0c3175a4013f5bd4578ae06f906573717ab5570d6013a15796273fb375f083530073374add3838fa944afbe242740fd27053629f7796a208d7e8be14674ba147
  languageName: node
  linkType: hard

"tweetnacl@npm:^1.0.1":
  version: 1.0.3
  resolution: "tweetnacl@npm:1.0.3"
  checksum: e4a57cac188f0c53f24c7a33279e223618a2bfb5fea426231991652a13247bea06b081fd745d71291fcae0f4428d29beba1b984b1f1ce6f66b06a6d1ab90645c
  languageName: node
  linkType: hard

typescript@^4.4.3:
  version: 4.4.3
  resolution: "typescript@npm:4.4.3"
  bin:
    tsc: bin/tsc
    tsserver: bin/tsserver
  checksum: 05823f21796d450531a7e4ab299715d38fd9ded0e4ce7400876053f4b5166ca3dde7a68cecfe72d9086039f03c0b6edba36516fb10ed83c5837d9600532ea4c2
  languageName: node
  linkType: hard

"typescript@patch:typescript@^4.4.3#~builtin<compat/typescript>":
  version: 4.4.3
  resolution: "typescript@patch:typescript@npm%3A4.4.3#~builtin<compat/typescript>::version=4.4.3&hash=32657b"
  bin:
    tsc: bin/tsc
    tsserver: bin/tsserver
  checksum: 28ab98313afab46788ff41014fdb5932430ada6e03cf9e92ac47f406526a2cac1ae2894834e7da61e46b7429318e9c47f45ba8de323332f0cb9af99b72ebae74
  languageName: node
  linkType: hard

"universalify@npm:^2.0.0":
  version: 2.0.0
  resolution: "universalify@npm:2.0.0"
  checksum: 2406a4edf4a8830aa6813278bab1f953a8e40f2f63a37873ffa9a3bc8f9745d06cc8e88f3572cb899b7e509013f7f6fcc3e37e8a6d914167a5381d8440518c44
  languageName: node
  linkType: hard

"ws@npm:^7.4.6":
  version: 7.5.5
  resolution: "ws@npm:7.5.5"
  peerDependencies:
    bufferutil: ^4.0.1
    utf-8-validate: ^5.0.2
  peerDependenciesMeta:
    bufferutil:
      optional: true
    utf-8-validate:
      optional: true
  checksum: bd2b437256012af526c69c03d6670a132e7ab0fe5853f3b7092826acea4203fad4ee2a8d0d9bd44834b2b968e747bf34f753ab535f4a3edf40d262da4b1d0805
  languageName: node
  linkType: hard
